
Microsoft Visual Studio Solution File, Format Version 12.00
# Visual Studio Version 16
VisualStudioVersion = 16.0.29806.167
MinimumVisualStudioVersion = 10.0.40219.1
Project("{FAE04EC0-301F-11D3-BF4B-00C04F79EFBC}") = "ProgrammingInCS_1.1", "ProgrammingInCS_1.1\ProgrammingInCS_1.1.csproj", "{3E4C6C9E-BF50-475F-A70F-D41EF53F7006}"
EndProject
Global
	GlobalSection(SolutionConfigurationPlatforms) = preSolution
		Debug|Any CPU = Debug|Any CPU
		Release|Any CPU = Release|Any CPU
	EndGlobalSection
	GlobalSection(ProjectConfigurationPlatforms) = postSolution
		{3E4C6C9E-BF50-475F-A70F-D41EF53F7006}.Debug|Any CPU.ActiveCfg = Debug|Any CPU
		{3E4C6C9E-BF50-475F-A70F-D41EF53F7006}.Debug|Any CPU.Build.0 = Debug|Any CPU
		{3E4C6C9E-BF50-475F-A70F-D41EF53F7006}.Release|Any CPU.ActiveCfg = Release|Any CPU
		{3E4C6C9E-BF50-475F-A70F-D41EF53F7006}.Release|Any CPU.Build.0 = Release|Any CPU
	EndGlobalSection
	GlobalSection(SolutionProperties) = preSolution
		HideSolutionNode = FALSE
	EndGlobalSection
	GlobalSection(ExtensibilityGlobals) = postSolution
		SolutionGuid = {35026D24-2930-4080-B211-9E1DA77E0D82}
	EndGlobalSection
EndGlobal
